
Microsoft Visual Studio Solution File, Format Version 12.00
# Visual Studio Version 17
VisualStudioVersion = 17.9.34321.82
MinimumVisualStudioVersion = 10.0.40219.1
Project("{FAE04EC0-301F-11D3-BF4B-00C04F79EFBC}") = "WpfApplicationSettings", "WpfApplicationSettings\WpfApplicationSettings.csproj", "{B9A43C31-23E1-4FB0-BD84-F99C786ACD89}"
EndProject
Global
	GlobalSection(SolutionConfigurationPlatforms) = preSolution
		Debug|Any CPU = Debug|Any CPU
		Release|Any CPU = Release|Any CPU
	EndGlobalSection
	GlobalSection(ProjectConfigurationPlatforms) = postSolution
		{B9A43C31-23E1-4FB0-BD84-F99C786ACD89}.Debug|Any CPU.ActiveCfg = Debug|Any CPU
		{B9A43C31-23E1-4FB0-BD84-F99C786ACD89}.Debug|Any CPU.Build.0 = Debug|Any CPU
		{B9A43C31-23E1-4FB0-BD84-F99C786ACD89}.Release|Any CPU.ActiveCfg = Release|Any CPU
		{B9A43C31-23E1-4FB0-BD84-F99C786ACD89}.Release|Any CPU.Build.0 = Release|Any CPU
	EndGlobalSection
	GlobalSection(SolutionProperties) = preSolution
		HideSolutionNode = FALSE
	EndGlobalSection
	GlobalSection(ExtensibilityGlobals) = postSolution
		SolutionGuid = {BA12475B-70CB-44BA-BF8D-40F54FFF60E6}
	EndGlobalSection
EndGlobal
