
Microsoft Visual Studio Solution File, Format Version 12.00
# Visual Studio Version 17
VisualStudioVersion = 17.6.33815.320
MinimumVisualStudioVersion = 10.0.40219.1
Project("{9A19103F-16F7-4668-BE54-9A1E7A4F7556}") = "Wpf.Ui", "wpfui\src\Wpf.Ui\Wpf.Ui.csproj", "{92D1B44B-AAE0-407D-9EE0-A1D1A0B4DEA7}"
EndProject
Project("{9A19103F-16F7-4668-BE54-9A1E7A4F7556}") = "FriskyMouse", "FriskyMouse\FriskyMouse.csproj", "{171B8D91-EFA4-48FF-9D16-4473E93C220C}"
EndProject
Project("{9A19103F-16F7-4668-BE54-9A1E7A4F7556}") = "FriskyMouse.Core", "FriskyMouse.Core\FriskyMouse.Core.csproj", "{16F9990C-7BA2-400F-88EA-98FD00CA84CD}"
EndProject
Project("{9A19103F-16F7-4668-BE54-9A1E7A4F7556}") = "FriskyMouse.Drawing", "FriskyMouse.Drawing\FriskyMouse.Drawing.csproj", "{C170CDDB-C91E-424C-BB45-364D677EAA71}"
EndProject
Project("{2150E333-8FDC-42A3-9474-1A3956D46DE8}") = "Solution Items", "Solution Items", "{BE5E05B3-07F3-4226-B0DB-ACA94D6EB03F}"
	ProjectSection(SolutionItems) = preProject
		Directory.Build.props = Directory.Build.props
	EndProjectSection
EndProject
Global
	GlobalSection(SolutionConfigurationPlatforms) = preSolution
		Debug|Any CPU = Debug|Any CPU
		Debug|x64 = Debug|x64
		MicrosoftStore|Any CPU = MicrosoftStore|Any CPU
		MicrosoftStore|x64 = MicrosoftStore|x64
		Portable|Any CPU = Portable|Any CPU
		Portable|x64 = Portable|x64
		Release|Any CPU = Release|Any CPU
		Release|x64 = Release|x64
		SelfContained|Any CPU = SelfContained|Any CPU
		SelfContained|x64 = SelfContained|x64
	EndGlobalSection
	GlobalSection(ProjectConfigurationPlatforms) = postSolution
		{92D1B44B-AAE0-407D-9EE0-A1D1A0B4DEA7}.Debug|Any CPU.ActiveCfg = Debug|Any CPU
		{92D1B44B-AAE0-407D-9EE0-A1D1A0B4DEA7}.Debug|Any CPU.Build.0 = Debug|Any CPU
		{92D1B44B-AAE0-407D-9EE0-A1D1A0B4DEA7}.Debug|x64.ActiveCfg = Debug|Any CPU
		{92D1B44B-AAE0-407D-9EE0-A1D1A0B4DEA7}.Debug|x64.Build.0 = Debug|Any CPU
		{92D1B44B-AAE0-407D-9EE0-A1D1A0B4DEA7}.MicrosoftStore|Any CPU.ActiveCfg = Release|Any CPU
		{92D1B44B-AAE0-407D-9EE0-A1D1A0B4DEA7}.MicrosoftStore|Any CPU.Build.0 = Release|Any CPU
		{92D1B44B-AAE0-407D-9EE0-A1D1A0B4DEA7}.MicrosoftStore|x64.ActiveCfg = Release|Any CPU
		{92D1B44B-AAE0-407D-9EE0-A1D1A0B4DEA7}.MicrosoftStore|x64.Build.0 = Release|Any CPU
		{92D1B44B-AAE0-407D-9EE0-A1D1A0B4DEA7}.Portable|Any CPU.ActiveCfg = Release|Any CPU
		{92D1B44B-AAE0-407D-9EE0-A1D1A0B4DEA7}.Portable|Any CPU.Build.0 = Release|Any CPU
		{92D1B44B-AAE0-407D-9EE0-A1D1A0B4DEA7}.Portable|x64.ActiveCfg = Release|Any CPU
		{92D1B44B-AAE0-407D-9EE0-A1D1A0B4DEA7}.Portable|x64.Build.0 = Release|Any CPU
		{92D1B44B-AAE0-407D-9EE0-A1D1A0B4DEA7}.Release|Any CPU.ActiveCfg = Release|Any CPU
		{92D1B44B-AAE0-407D-9EE0-A1D1A0B4DEA7}.Release|Any CPU.Build.0 = Release|Any CPU
		{92D1B44B-AAE0-407D-9EE0-A1D1A0B4DEA7}.Release|x64.ActiveCfg = Release|Any CPU
		{92D1B44B-AAE0-407D-9EE0-A1D1A0B4DEA7}.Release|x64.Build.0 = Release|Any CPU
		{92D1B44B-AAE0-407D-9EE0-A1D1A0B4DEA7}.SelfContained|Any CPU.ActiveCfg = Release|Any CPU
		{92D1B44B-AAE0-407D-9EE0-A1D1A0B4DEA7}.SelfContained|Any CPU.Build.0 = Release|Any CPU
		{92D1B44B-AAE0-407D-9EE0-A1D1A0B4DEA7}.SelfContained|x64.ActiveCfg = Release|Any CPU
		{92D1B44B-AAE0-407D-9EE0-A1D1A0B4DEA7}.SelfContained|x64.Build.0 = Release|Any CPU
		{171B8D91-EFA4-48FF-9D16-4473E93C220C}.Debug|Any CPU.ActiveCfg = Debug|Any CPU
		{171B8D91-EFA4-48FF-9D16-4473E93C220C}.Debug|Any CPU.Build.0 = Debug|Any CPU
		{171B8D91-EFA4-48FF-9D16-4473E93C220C}.Debug|x64.ActiveCfg = Debug|x64
		{171B8D91-EFA4-48FF-9D16-4473E93C220C}.Debug|x64.Build.0 = Debug|x64
		{171B8D91-EFA4-48FF-9D16-4473E93C220C}.MicrosoftStore|Any CPU.ActiveCfg = MicrosoftStore|Any CPU
		{171B8D91-EFA4-48FF-9D16-4473E93C220C}.MicrosoftStore|Any CPU.Build.0 = MicrosoftStore|Any CPU
		{171B8D91-EFA4-48FF-9D16-4473E93C220C}.MicrosoftStore|x64.ActiveCfg = Release|x64
		{171B8D91-EFA4-48FF-9D16-4473E93C220C}.MicrosoftStore|x64.Build.0 = Release|x64
		{171B8D91-EFA4-48FF-9D16-4473E93C220C}.Portable|Any CPU.ActiveCfg = Portable|Any CPU
		{171B8D91-EFA4-48FF-9D16-4473E93C220C}.Portable|Any CPU.Build.0 = Portable|Any CPU
		{171B8D91-EFA4-48FF-9D16-4473E93C220C}.Portable|x64.ActiveCfg = Release|x64
		{171B8D91-EFA4-48FF-9D16-4473E93C220C}.Portable|x64.Build.0 = Release|x64
		{171B8D91-EFA4-48FF-9D16-4473E93C220C}.Release|Any CPU.ActiveCfg = Release|Any CPU
		{171B8D91-EFA4-48FF-9D16-4473E93C220C}.Release|Any CPU.Build.0 = Release|Any CPU
		{171B8D91-EFA4-48FF-9D16-4473E93C220C}.Release|x64.ActiveCfg = Release|x64
		{171B8D91-EFA4-48FF-9D16-4473E93C220C}.Release|x64.Build.0 = Release|x64
		{171B8D91-EFA4-48FF-9D16-4473E93C220C}.SelfContained|Any CPU.ActiveCfg = SelfContained|Any CPU
		{171B8D91-EFA4-48FF-9D16-4473E93C220C}.SelfContained|Any CPU.Build.0 = SelfContained|Any CPU
		{171B8D91-EFA4-48FF-9D16-4473E93C220C}.SelfContained|x64.ActiveCfg = Release|x64
		{171B8D91-EFA4-48FF-9D16-4473E93C220C}.SelfContained|x64.Build.0 = Release|x64
		{16F9990C-7BA2-400F-88EA-98FD00CA84CD}.Debug|Any CPU.ActiveCfg = Debug|Any CPU
		{16F9990C-7BA2-400F-88EA-98FD00CA84CD}.Debug|Any CPU.Build.0 = Debug|Any CPU
		{16F9990C-7BA2-400F-88EA-98FD00CA84CD}.Debug|x64.ActiveCfg = Debug|Any CPU
		{16F9990C-7BA2-400F-88EA-98FD00CA84CD}.Debug|x64.Build.0 = Debug|Any CPU
		{16F9990C-7BA2-400F-88EA-98FD00CA84CD}.MicrosoftStore|Any CPU.ActiveCfg = Debug|Any CPU
		{16F9990C-7BA2-400F-88EA-98FD00CA84CD}.MicrosoftStore|Any CPU.Build.0 = Debug|Any CPU
		{16F9990C-7BA2-400F-88EA-98FD00CA84CD}.MicrosoftStore|x64.ActiveCfg = Debug|Any CPU
		{16F9990C-7BA2-400F-88EA-98FD00CA84CD}.MicrosoftStore|x64.Build.0 = Debug|Any CPU
		{16F9990C-7BA2-400F-88EA-98FD00CA84CD}.Portable|Any CPU.ActiveCfg = Debug|Any CPU
		{16F9990C-7BA2-400F-88EA-98FD00CA84CD}.Portable|Any CPU.Build.0 = Debug|Any CPU
		{16F9990C-7BA2-400F-88EA-98FD00CA84CD}.Portable|x64.ActiveCfg = Debug|Any CPU
		{16F9990C-7BA2-400F-88EA-98FD00CA84CD}.Portable|x64.Build.0 = Debug|Any CPU
		{16F9990C-7BA2-400F-88EA-98FD00CA84CD}.Release|Any CPU.ActiveCfg = Release|Any CPU
		{16F9990C-7BA2-400F-88EA-98FD00CA84CD}.Release|Any CPU.Build.0 = Release|Any CPU
		{16F9990C-7BA2-400F-88EA-98FD00CA84CD}.Release|x64.ActiveCfg = Release|Any CPU
		{16F9990C-7BA2-400F-88EA-98FD00CA84CD}.Release|x64.Build.0 = Release|Any CPU
		{16F9990C-7BA2-400F-88EA-98FD00CA84CD}.SelfContained|Any CPU.ActiveCfg = Debug|Any CPU
		{16F9990C-7BA2-400F-88EA-98FD00CA84CD}.SelfContained|Any CPU.Build.0 = Debug|Any CPU
		{16F9990C-7BA2-400F-88EA-98FD00CA84CD}.SelfContained|x64.ActiveCfg = Debug|Any CPU
		{16F9990C-7BA2-400F-88EA-98FD00CA84CD}.SelfContained|x64.Build.0 = Debug|Any CPU
		{C170CDDB-C91E-424C-BB45-364D677EAA71}.Debug|Any CPU.ActiveCfg = Debug|Any CPU
		{C170CDDB-C91E-424C-BB45-364D677EAA71}.Debug|Any CPU.Build.0 = Debug|Any CPU
		{C170CDDB-C91E-424C-BB45-364D677EAA71}.Debug|x64.ActiveCfg = Debug|x64
		{C170CDDB-C91E-424C-BB45-364D677EAA71}.Debug|x64.Build.0 = Debug|x64
		{C170CDDB-C91E-424C-BB45-364D677EAA71}.MicrosoftStore|Any CPU.ActiveCfg = MicrosoftStore|Any CPU
		{C170CDDB-C91E-424C-BB45-364D677EAA71}.MicrosoftStore|Any CPU.Build.0 = MicrosoftStore|Any CPU
		{C170CDDB-C91E-424C-BB45-364D677EAA71}.MicrosoftStore|x64.ActiveCfg = MicrosoftStore|x64
		{C170CDDB-C91E-424C-BB45-364D677EAA71}.MicrosoftStore|x64.Build.0 = MicrosoftStore|x64
		{C170CDDB-C91E-424C-BB45-364D677EAA71}.Portable|Any CPU.ActiveCfg = Portable|Any CPU
		{C170CDDB-C91E-424C-BB45-364D677EAA71}.Portable|Any CPU.Build.0 = Portable|Any CPU
		{C170CDDB-C91E-424C-BB45-364D677EAA71}.Portable|x64.ActiveCfg = Portable|x64
		{C170CDDB-C91E-424C-BB45-364D677EAA71}.Portable|x64.Build.0 = Portable|x64
		{C170CDDB-C91E-424C-BB45-364D677EAA71}.Release|Any CPU.ActiveCfg = Release|Any CPU
		{C170CDDB-C91E-424C-BB45-364D677EAA71}.Release|Any CPU.Build.0 = Release|Any CPU
		{C170CDDB-C91E-424C-BB45-364D677EAA71}.Release|x64.ActiveCfg = Release|x64
		{C170CDDB-C91E-424C-BB45-364D677EAA71}.Release|x64.Build.0 = Release|x64
		{C170CDDB-C91E-424C-BB45-364D677EAA71}.SelfContained|Any CPU.ActiveCfg = SelfContained|Any CPU
		{C170CDDB-C91E-424C-BB45-364D677EAA71}.SelfContained|Any CPU.Build.0 = SelfContained|Any CPU
		{C170CDDB-C91E-424C-BB45-364D677EAA71}.SelfContained|x64.ActiveCfg = SelfContained|x64
		{C170CDDB-C91E-424C-BB45-364D677EAA71}.SelfContained|x64.Build.0 = SelfContained|x64
	EndGlobalSection
	GlobalSection(SolutionProperties) = preSolution
		HideSolutionNode = FALSE
	EndGlobalSection
	GlobalSection(ExtensibilityGlobals) = postSolution
		SolutionGuid = {49C68D81-6B0D-487C-846C-5142B80994E6}
	EndGlobalSection
EndGlobal
